
Microsoft Visual Studio Solution File, Format Version 12.00
# Visual Studio Version 16
VisualStudioVersion = 16.0.29709.97
MinimumVisualStudioVersion = 10.0.40219.1
Project("{FAE04EC0-301F-11D3-BF4B-00C04F79EFBC}") = "Colonize.Website", "Colonize.Website\Colonize.Website.csproj", "{CB7BB691-0556-443F-8098-26ACEF14DB08}"
EndProject
Global
	GlobalSection(SolutionConfigurationPlatforms) = preSolution
		Debug|Any CPU = Debug|Any CPU
		Release|Any CPU = Release|Any CPU
	EndGlobalSection
	GlobalSection(ProjectConfigurationPlatforms) = postSolution
		{CB7BB691-0556-443F-8098-26ACEF14DB08}.Debug|Any CPU.ActiveCfg = Debug|Any CPU
		{CB7BB691-0556-443F-8098-26ACEF14DB08}.Debug|Any CPU.Build.0 = Debug|Any CPU
		{CB7BB691-0556-443F-8098-26ACEF14DB08}.Release|Any CPU.ActiveCfg = Release|Any CPU
		{CB7BB691-0556-443F-8098-26ACEF14DB08}.Release|Any CPU.Build.0 = Release|Any CPU
	EndGlobalSection
	GlobalSection(SolutionProperties) = preSolution
		HideSolutionNode = FALSE
	EndGlobalSection
	GlobalSection(ExtensibilityGlobals) = postSolution
		SolutionGuid = {DF93EF0F-D406-49D1-ACAF-03984EEB4CBF}
	EndGlobalSection
EndGlobal
